[root]
name = "thread_schedule_test"
version = "0.0.1"
dependencies = [
 "ordermap 0.2.9 (registry+https://github.com/rust-lang/crates.io-index)",
 "threadpool 1.3.2 (registry+https://github.com/rust-lang/crates.io-index)",
]

[[package]]
name = "ordermap"
version = "0.2.9"
source = "registry+https://github.com/rust-lang/crates.io-index"

[[package]]
name = "threadpool"
version = "1.3.2"
source = "registry+https://github.com/rust-lang/crates.io-index"

[metadata]
"checksum ordermap 0.2.9 (registry+https://github.com/rust-lang/crates.io-index)" = "06e5d34d852e6396cf5fceaa24313f753d960a3b7e3abdadcdf43730e791aa3d"
"checksum threadpool 1.3.2 (registry+https://github.com/rust-lang/crates.io-index)" = "59f6d3eff89920113dac9db44dde461d71d01e88a5b57b258a0466c32b5d7fe1"
